
Microsoft Visual Studio Solution File, Format Version 12.00
# Visual Studio Version 16
VisualStudioVersion = 16.0.30114.105
MinimumVisualStudioVersion = 10.0.40219.1
Project("{9A19103F-16F7-4668-BE54-9A1E7A4F7556}") = "GeneratorPhenixChallenge", "GeneratorPhenixChallenge.csproj", "{FF8FBC52-97AB-4192-905A-2D173A93C25D}"
EndProject
Global
	GlobalSection(SolutionConfigurationPlatforms) = preSolution
		Debug|Any CPU = Debug|Any CPU
		Release|Any CPU = Release|Any CPU
	EndGlobalSection
	GlobalSection(ProjectConfigurationPlatforms) = postSolution
		{FF8FBC52-97AB-4192-905A-2D173A93C25D}.Debug|Any CPU.ActiveCfg = Debug|Any CPU
		{FF8FBC52-97AB-4192-905A-2D173A93C25D}.Debug|Any CPU.Build.0 = Debug|Any CPU
		{FF8FBC52-97AB-4192-905A-2D173A93C25D}.Release|Any CPU.ActiveCfg = Release|Any CPU
		{FF8FBC52-97AB-4192-905A-2D173A93C25D}.Release|Any CPU.Build.0 = Release|Any CPU
	EndGlobalSection
	GlobalSection(SolutionProperties) = preSolution
		HideSolutionNode = FALSE
	EndGlobalSection
	GlobalSection(ExtensibilityGlobals) = postSolution
		SolutionGuid = {472AC530-AD31-4490-8E32-C1D69198668E}
	EndGlobalSection
EndGlobal
